
Microsoft Visual Studio Solution File, Format Version 12.00
# Visual Studio 15
VisualStudioVersion = 15.0.26430.16
MinimumVisualStudioVersion = 10.0.40219.1
Project("{FAE04EC0-301F-11D3-BF4B-00C04F79EFBC}") = "LogServer.Web", "LogServer.Web\LogServer.Web.csproj", "{A0665916-9D09-4A5C-943D-218FE473B2B3}"
EndProject
Project("{FAE04EC0-301F-11D3-BF4B-00C04F79EFBC}") = "UnitTests", "UnitTests\UnitTests.csproj", "{DC583A1A-6175-42C4-9F8D-313B8D45D23A}"
EndProject
Global
	GlobalSection(SolutionConfigurationPlatforms) = preSolution
		Debug|Any CPU = Debug|Any CPU
		Release|Any CPU = Release|Any CPU
	EndGlobalSection
	GlobalSection(ProjectConfigurationPlatforms) = postSolution
		{A0665916-9D09-4A5C-943D-218FE473B2B3}.Debug|Any CPU.ActiveCfg = Debug|Any CPU
		{A0665916-9D09-4A5C-943D-218FE473B2B3}.Debug|Any CPU.Build.0 = Debug|Any CPU
		{A0665916-9D09-4A5C-943D-218FE473B2B3}.Release|Any CPU.ActiveCfg = Release|Any CPU
		{A0665916-9D09-4A5C-943D-218FE473B2B3}.Release|Any CPU.Build.0 = Release|Any CPU
		{DC583A1A-6175-42C4-9F8D-313B8D45D23A}.Debug|Any CPU.ActiveCfg = Debug|Any CPU
		{DC583A1A-6175-42C4-9F8D-313B8D45D23A}.Debug|Any CPU.Build.0 = Debug|Any CPU
		{DC583A1A-6175-42C4-9F8D-313B8D45D23A}.Release|Any CPU.ActiveCfg = Release|Any CPU
		{DC583A1A-6175-42C4-9F8D-313B8D45D23A}.Release|Any CPU.Build.0 = Release|Any CPU
	EndGlobalSection
	GlobalSection(SolutionProperties) = preSolution
		HideSolutionNode = FALSE
	EndGlobalSection
EndGlobal
